
Microsoft Visual Studio Solution File, Format Version 12.00
# Visual Studio Version 17
VisualStudioVersion = 17.5.33502.453
MinimumVisualStudioVersion = 10.0.40219.1
Project("{FAE04EC0-301F-11D3-BF4B-00C04F79EFBC}") = "ExominerSaveEditor", "ExominerSaveEditor\ExominerSaveEditor.csproj", "{ECB3CA3E-AE9A-4636-A323-A08E5929D27D}"
EndProject
Global
	GlobalSection(SolutionConfigurationPlatforms) = preSolution
		Debug|Any CPU = Debug|Any CPU
		Release|Any CPU = Release|Any CPU
	EndGlobalSection
	GlobalSection(ProjectConfigurationPlatforms) = postSolution
		{ECB3CA3E-AE9A-4636-A323-A08E5929D27D}.Debug|Any CPU.ActiveCfg = Debug|Any CPU
		{ECB3CA3E-AE9A-4636-A323-A08E5929D27D}.Debug|Any CPU.Build.0 = Debug|Any CPU
		{ECB3CA3E-AE9A-4636-A323-A08E5929D27D}.Release|Any CPU.ActiveCfg = Release|Any CPU
		{ECB3CA3E-AE9A-4636-A323-A08E5929D27D}.Release|Any CPU.Build.0 = Release|Any CPU
	EndGlobalSection
	GlobalSection(SolutionProperties) = preSolution
		HideSolutionNode = FALSE
	EndGlobalSection
	GlobalSection(ExtensibilityGlobals) = postSolution
		SolutionGuid = {5816625C-8B3A-4B7E-BDA7-8A9A2477A3C4}
	EndGlobalSection
EndGlobal
